// !$*UTF8*$!
{
	archiveVersion = 1;
	classes = {
	};
	objectVersion = 48;
	objects = {

/* Begin PBXBuildFile section */
		A35FD5951FB6E0B40009386C /* ZYClockView.m in Sources */ = {isa = PBXBuildFile; fileRef = A35FD5941FB6E0B40009386C /* ZYClockView.m */; };
		A35FD5981FB7064D0009386C /* ZYViewController.m in Sources */ = {isa = PBXBuildFile; fileRef = A35FD5971FB7064D0009386C /* ZYViewController.m */; };
		A3C2233B1FB5874A006BDC7E /* AppDelegate.m in Sources */ = {isa = PBXBuildFile; fileRef = A3C2233A1FB5874A006BDC7E /* AppDelegate.m */; };
		A3C223411FB5874A006BDC7E /* Main.storyboard in Resources */ = {isa = PBXBuildFile; fileRef = A3C2233F1FB5874A006BDC7E /* Main.storyboard */; };
		A3C223441FB5874A006BDC7E /* ZYGesturesUnlock.xcdatamodeld in Sources */ = {isa = PBXBuildFile; fileRef = A3C223421FB5874A006BDC7E /* ZYGesturesUnlock.xcdatamodeld */; };
		A3C223461FB5874A006BDC7E /* Assets.xcassets in Resources */ = {isa = PBXBuildFile; fileRef = A3C223451FB5874A006BDC7E /* Assets.xcassets */; };
		A3C223491FB5874A006BDC7E /* LaunchScreen.storyboard in Resources */ = {isa = PBXBuildFile; fileRef = A3C223471FB5874A006BDC7E /* LaunchScreen.storyboard */; };
		A3C2234C1FB5874A006BDC7E /* main.m in Sources */ = {isa = PBXBuildFile; fileRef = A3C2234B1FB5874A006BDC7E /* main.m */; };
/* End PBXBuildFile section */

/* Begin PBXFileReference section */
		A35FD5931FB6E0B40009386C /* ZYClockView.h */ = {isa = PBXFileReference; lastKnownFileType = sourcecode.c.h; path = ZYClockView.h; sourceTree = "<group>"; };
		A35FD5941FB6E0B40009386C /* ZYClockView.m */ = {isa = PBXFileReference; lastKnownFileType = sourcecode.c.objc; path = ZYClockView.m; sourceTree = "<group>"; };
		A35FD5961FB7064D0009386C /* ZYViewController.h */ = {isa = PBXFileReference; lastKnownFileType = sourcecode.c.h; path = ZYViewController.h; sourceTree = "<group>"; };
		A35FD5971FB7064D0009386C /* ZYViewController.m */ = {isa = PBXFileReference; lastKnownFileType = sourcecode.c.objc; path = ZYViewController.m; sourceTree = "<group>"; };
		A3C223361FB5874A006BDC7E /* ZYGesturesUnlock.app */ = {isa = PBXFileReference; explicitFileType = wrapper.application; includeInIndex = 0; path = ZYGesturesUnlock.app; sourceTree = BUILT_PRODUCTS_DIR; };
		A3C223391FB5874A006BDC7E /* AppDelegate.h */ = {isa = PBXFileReference; lastKnownFileType = sourcecode.c.h; path = AppDelegate.h; sourceTree = "<group>"; };
		A3C2233A1FB5874A006BDC7E /* AppDelegate.m */ = {isa = PBXFileReference; lastKnownFileType = sourcecode.c.objc; path = AppDelegate.m; sourceTree = "<group>"; };
		A3C223401FB5874A006BDC7E /* Base */ = {isa = PBXFileReference; lastKnownFileType = file.storyboard; name = Base; path = Base.lproj/Main.storyboard; sourceTree = "<group>"; };
		A3C223431FB5874A006BDC7E /* ZYGesturesUnlock.xcdatamodel */ = {isa = PBXFileReference; lastKnownFileType = wrapper.xcdatamodel; path = ZYGesturesUnlock.xcdatamodel; sourceTree = "<group>"; };
		A3C223451FB5874A006BDC7E /* Assets.xcassets */ = {isa = PBXFileReference; lastKnownFileType = folder.assetcatalog; path = Assets.xcassets; sourceTree = "<group>"; };
		A3C223481FB5874A006BDC7E /* Base */ = {isa = PBXFileReference; lastKnownFileType = file.storyboard; name = Base; path = Base.lproj/LaunchScreen.storyboard; sourceTree = "<group>"; };
		A3C2234A1FB5874A006BDC7E /* Info.plist */ = {isa = PBXFileReference; lastKnownFileType = text.plist.xml; path = Info.plist; sourceTree = "<group>"; };
		A3C2234B1FB5874A006BDC7E /* main.m */ = {isa = PBXFileReference; lastKnownFileType = sourcecode.c.objc; path = main.m; sourceTree = "<group>"; };
/* End PBXFileReference section */

/* Begin PBXFrameworksBuildPhase section */
		A3C223331FB5874A006BDC7E /* Frameworks */ = {
			isa = PBXFrameworksBuildPhase;
			buildActionMask = 2147483647;
			files = (
			);
			runOnlyForDeploymentPostprocessing = 0;
		};
/* End PBXFrameworksBuildPhase section */

/* Begin PBXGroup section */
		A3C2232D1FB5874A006BDC7E = {
			isa = PBXGroup;
			children = (
				A3C223381FB5874A006BDC7E /* ZYGesturesUnlock */,
				A3C223371FB5874A006BDC7E /* Products */,
			);
			sourceTree = "<group>";
		};
		A3C223371FB5874A006BDC7E /* Products */ = {
			isa = PBXGroup;
			children = (
				A3C223361FB5874A006BDC7E /* ZYGesturesUnlock.app */,
			);
			name = Products;
			sourceTree = "<group>";
		};
		A3C223381FB5874A006BDC7E /* ZYGesturesUnlock */ = {
			isa = PBXGroup;
			children = (
				A3C223391FB5874A006BDC7E /* AppDelegate.h */,
				A3C2233A1FB5874A006BDC7E /* AppDelegate.m */,
				A3C2233F1FB5874A006BDC7E /* Main.storyboard */,
				A35FD5931FB6E0B40009386C /* ZYClockView.h */,
				A35FD5941FB6E0B40009386C /* ZYClockView.m */,
				A35FD5961FB7064D0009386C /* ZYViewController.h */,
				A35FD5971FB7064D0009386C /* ZYViewController.m */,
				A3C223451FB5874A006BDC7E /* Assets.xcassets */,
				A3C223471FB5874A006BDC7E /* LaunchScreen.storyboard */,
				A3C2234A1FB5874A006BDC7E /* Info.plist */,
				A3C2234B1FB5874A006BDC7E /* main.m */,
				A3C223421FB5874A006BDC7E /* ZYGesturesUnlock.xcdatamodeld */,
			);
			path = ZYGesturesUnlock;
			sourceTree = "<group>";
		};
/* End PBXGroup section */

/* Begin PBXNativeTarget section */
		A3C223351FB5874A006BDC7E /* ZYGesturesUnlock */ = {
			isa = PBXNativeTarget;
			buildConfigurationList = A3C2234F1FB5874A006BDC7E /* Build configuration list for PBXNativeTarget "ZYGesturesUnlock" */;
			buildPhases = (
				A3C223321FB5874A006BDC7E /* Sources */,
				A3C223331FB5874A006BDC7E /* Frameworks */,
				A3C223341FB5874A006BDC7E /* Resources */,
			);
			buildRules = (
			);
			dependencies = (
			);
			name = ZYGesturesUnlock;
			productName = ZYGesturesUnlock;
			productReference = A3C223361FB5874A006BDC7E /* ZYGesturesUnlock.app */;
			productType = "com.apple.product-type.application";
		};
/* End PBXNativeTarget section */

/* Begin PBXProject section */
		A3C2232E1FB5874A006BDC7E /* Project object */ = {
			isa = PBXProject;
			attributes = {
				LastUpgradeCheck = 0900;
				ORGANIZATIONNAME = sunny;
				TargetAttributes = {
					A3C223351FB5874A006BDC7E = {
						CreatedOnToolsVersion = 9.0;
						ProvisioningStyle = Automatic;
					};
				};
			};
			buildConfigurationList = A3C223311FB5874A006BDC7E /* Build configuration list for PBXProject "ZYGesturesUnlock" */;
			compatibilityVersion = "Xcode 8.0";
			developmentRegion = en;
			hasScannedForEncodings = 0;
			knownRegions = (
				en,
				Base,
			);
			mainGroup = A3C2232D1FB5874A006BDC7E;
			productRefGroup = A3C223371FB5874A006BDC7E /* Products */;
			projectDirPath = "";
			projectRoot = "";
			targets = (
				A3C223351FB5874A006BDC7E /* ZYGesturesUnlock */,
			);
		};
/* End PBXProject section */

/* Begin PBXResourcesBuildPhase section */
		A3C223341FB5874A006BDC7E /* Resources */ = {
			isa = PBXResourcesBuildPhase;
			buildActionMask = 2147483647;
			files = (
				A3C223491FB5874A006BDC7E /* LaunchScreen.storyboard in Resources */,
				A3C223461FB5874A006BDC7E /* Assets.xcassets in Resources */,
				A3C223411FB5874A006BDC7E /* Main.storyboard in Resources */,
			);
			runOnlyForDeploymentPostprocessing = 0;
		};
/* End PBXResourcesBuildPhase section */

/* Begin PBXSourcesBuildPhase section */
		A3C223321FB5874A006BDC7E /* Sources */ = {
			isa = PBXSourcesBuildPhase;
			buildActionMask = 2147483647;
			files = (
				A3C2233B1FB5874A006BDC7E /* AppDelegate.m in Sources */,
				A3C2234C1FB5874A006BDC7E /* main.m in Sources */,
				A35FD5951FB6E0B40009386C /* ZYClockView.m in Sources */,
				A35FD5981FB7064D0009386C /* ZYViewController.m in Sources */,
				A3C223441FB5874A006BDC7E /* ZYGesturesUnlock.xcdatamodeld in Sources */,
			);
			runOnlyForDeploymentPostprocessing = 0;
		};
/* End PBXSourcesBuildPhase section */

/* Begin PBXVariantGroup section */
		A3C2233F1FB5874A006BDC7E /* Main.storyboard */ = {
			isa = PBXVariantGroup;
			children = (
				A3C223401FB5874A006BDC7E /* Base */,
			);
			name = Main.storyboard;
			sourceTree = "<group>";
		};
		A3C223471FB5874A006BDC7E /* LaunchScreen.storyboard */ = {
			isa = PBXVariantGroup;
			children = (
				A3C223481FB5874A006BDC7E /* Base */,
			);
			name = LaunchScreen.storyboard;
			sourceTree = "<group>";
		};
/* End PBXVariantGroup section */

/* Begin XCBuildConfiguration section */
		A3C2234D1FB5874A006BDC7E /* Debug */ = {
			isa = XCBuildConfiguration;
			buildSettings = {
				ALWAYS_SEARCH_USER_PATHS = NO;
				CLANG_ANALYZER_NONNULL = YES;
				CLANG_ANALYZER_NUMBER_OBJECT_CONVERSION = YES_AGGRESSIVE;
				CLANG_CXX_LANGUAGE_STANDARD = "gnu++14";
				CLANG_CXX_LIBRARY = "libc++";
				CLANG_ENABLE_MODULES = YES;
				CLANG_ENABLE_OBJC_ARC = YES;
				CLANG_WARN_BLOCK_CAPTURE_AUTORELEASING = YES;
				CLANG_WARN_BOOL_CONVERSION = YES;
				CLANG_WARN_COMMA = YES;
				CLANG_WARN_CONSTANT_CONVERSION = YES;
				CLANG_WARN_DIRECT_OBJC_ISA_USAGE = YES_ERROR;
				CLANG_WARN_DOCUMENTATION_COMMENTS = YES;
				CLANG_WARN_EMPTY_BODY = YES;
				CLANG_WARN_ENUM_CONVERSION = YES;
				CLANG_WARN_INFINITE_RECURSION = YES;
				CLANG_WARN_INT_CONVERSION = YES;
				CLANG_WARN_NON_LITERAL_NULL_CONVERSION = YES;
				CLANG_WARN_OBJC_LITERAL_CONVERSION = YES;
				CLANG_WARN_OBJC_ROOT_CLASS = YES_ERROR;
				CLANG_WARN_RANGE_LOOP_ANALYSIS = YES;
				CLANG_WARN_STRICT_PROTOTYPES = YES;
				CLANG_WARN_SUSPICIOUS_MOVE = YES;
				CLANG_WARN_UNGUARDED_AVAILABILITY = YES_AGGRESSIVE;
				CLANG_WARN_UNREACHABLE_CODE = YES;
				CLANG_WARN__DUPLICATE_METHOD_MATCH = YES;
				CODE_SIGN_IDENTITY = "iPhone Developer";
				COPY_PHASE_STRIP = NO;
				DEBUG_INFORMATION_FORMAT = dwarf;
				ENABLE_STRICT_OBJC_MSGSEND = YES;
				ENABLE_TESTABILITY = YES;
				GCC_C_LANGUAGE_STANDARD = gnu11;
				GCC_DYNAMIC_NO_PIC = NO;
				GCC_NO_COMMON_BLOCKS = YES;
				GCC_OPTIMIZATION_LEVEL = 0;
				GCC_PREPROCESSOR_DEFINITIONS = (
					"DEBUG=1",
					"$(inherited)",
				);
				GCC_WARN_64_TO_32_BIT_CONVERSION = YES;
				GCC_WARN_ABOUT_RETURN_TYPE = YES_ERROR;
				GCC_WARN_UNDECLARED_SELECTOR = YES;
				GCC_WARN_UNINITIALIZED_AUTOS = YES_AGGRESSIVE;
				GCC_WARN_UNUSED_FUNCTION = YES;
				GCC_WARN_UNUSED_VARIABLE = YES;
				IPHONEOS_DEPLOYMENT_TARGET = 11.0;
				MTL_ENABLE_DEBUG_INFO = YES;
				ONLY_ACTIVE_ARCH = YES;
				SDKROOT = iphoneos;
			};
			name = Debug;
		};
		A3C2234E1FB5874A006BDC7E /* Release */ = {
			isa = XCBuildConfiguration;
			buildSettings = {
				ALWAYS_SEARCH_USER_PATHS = NO;
				CLANG_ANALYZER_NONNULL = YES;
				CLANG_ANALYZER_NUMBER_OBJECT_CONVERSION = YES_AGGRESSIVE;
				CLANG_CXX_LANGUAGE_STANDARD = "gnu++14";
				CLANG_CXX_LIBRARY = "libc++";
				CLANG_ENABLE_MODULES = YES;
				CLANG_ENABLE_OBJC_ARC = YES;
				CLANG_WARN_BLOCK_CAPTURE_AUTORELEASING = YES;
				CLANG_WARN_BOOL_CONVERSION = YES;
				CLANG_WARN_COMMA = YES;
				CLANG_WARN_CONSTANT_CONVERSION = YES;
				CLANG_WARN_DIRECT_OBJC_ISA_USAGE = YES_ERROR;
				CLANG_WARN_DOCUMENTATION_COMMENTS = YES;
				CLANG_WARN_EMPTY_BODY = YES;
				CLANG_WARN_ENUM_CONVERSION = YES;
				CLANG_WARN_INFINITE_RECURSION = YES;
				CLANG_WARN_INT_CONVERSION = YES;
				CLANG_WARN_NON_LITERAL_NULL_CONVERSION = YES;
				CLANG_WARN_OBJC_LITERAL_CONVERSION = YES;
				CLANG_WARN_OBJC_ROOT_CLASS = YES_ERROR;
				CLANG_WARN_RANGE_LOOP_ANALYSIS = YES;
				CLANG_WARN_STRICT_PROTOTYPES = YES;
				CLANG_WARN_SUSPICIOUS_MOVE = YES;
				CLANG_WARN_UNGUARDED_AVAILABILITY = YES_AGGRESSIVE;
				CLANG_WARN_UNREACHABLE_CODE = YES;
				CLANG_WARN__DUPLICATE_METHOD_MATCH = YES;
				CODE_SIGN_IDENTITY = "iPhone Developer";
				COPY_PHASE_STRIP = NO;
				DEBUG_INFORMATION_FORMAT = "dwarf-with-dsym";
				ENABLE_NS_ASSERTIONS = NO;
				ENABLE_STRICT_OBJC_MSGSEND = YES;
				GCC_C_LANGUAGE_STANDARD = gnu11;
				GCC_NO_COMMON_BLOCKS = YES;
				GCC_WARN_64_TO_32_BIT_CONVERSION = YES;
				GCC_WARN_ABOUT_RETURN_TYPE = YES_ERROR;
				GCC_WARN_UNDECLARED_SELECTOR = YES;
				GCC_WARN_UNINITIALIZED_AUTOS = YES_AGGRESSIVE;
				GCC_WARN_UNUSED_FUNCTION = YES;
				GCC_WARN_UNUSED_VARIABLE = YES;
				IPHONEOS_DEPLOYMENT_TARGET = 11.0;
				MTL_ENABLE_DEBUG_INFO = NO;
				SDKROOT = iphoneos;
				VALIDATE_PRODUCT = YES;
			};
			name = Release;
		};
		A3C223501FB5874A006BDC7E /* Debug */ = {
			isa = XCBuildConfiguration;
			buildSettings = {
				ASSETCATALOG_COMPILER_APPICON_NAME = AppIcon;
				CODE_SIGN_STYLE = Automatic;
				DEVELOPMENT_TEAM = 995KGZDDWF;
				INFOPLIST_FILE = ZYGesturesUnlock/Info.plist;
				LD_RUNPATH_SEARCH_PATHS = "$(inherited) @executable_path/Frameworks";
				PRODUCT_BUNDLE_IDENTIFIER = com.sunny.ZYGesturesUnlock;
				PRODUCT_NAME = "$(TARGET_NAME)";
				TARGETED_DEVICE_FAMILY = "1,2";
			};
			name = Debug;
		};
		A3C223511FB5874A006BDC7E /* Release */ = {
			isa = XCBuildConfiguration;
			buildSettings = {
				ASSETCATALOG_COMPILER_APPICON_NAME = AppIcon;
				CODE_SIGN_STYLE = Automatic;
				DEVELOPMENT_TEAM = 995KGZDDWF;
				INFOPLIST_FILE = ZYGesturesUnlock/Info.plist;
				LD_RUNPATH_SEARCH_PATHS = "$(inherited) @executable_path/Frameworks";
				PRODUCT_BUNDLE_IDENTIFIER = com.sunny.ZYGesturesUnlock;
				PRODUCT_NAME = "$(TARGET_NAME)";
				TARGETED_DEVICE_FAMILY = "1,2";
			};
			name = Release;
		};
/* End XCBuildConfiguration section */

/* Begin XCConfigurationList section */
		A3C223311FB5874A006BDC7E /* Build configuration list for PBXProject "ZYGesturesUnlock" */ = {
			isa = XCConfigurationList;
			buildConfigurations = (
				A3C2234D1FB5874A006BDC7E /* Debug */,
				A3C2234E1FB5874A006BDC7E /* Release */,
			);
			defaultConfigurationIsVisible = 0;
			defaultConfigurationName = Release;
		};
		A3C2234F1FB5874A006BDC7E /* Build configuration list for PBXNativeTarget "ZYGesturesUnlock" */ = {
			isa = XCConfigurationList;
			buildConfigurations = (
				A3C223501FB5874A006BDC7E /* Debug */,
				A3C223511FB5874A006BDC7E /* Release */,
			);
			defaultConfigurationIsVisible = 0;
			defaultConfigurationName = Release;
		};
/* End XCConfigurationList section */

/* Begin XCVersionGroup section */
		A3C223421FB5874A006BDC7E /* ZYGesturesUnlock.xcdatamodeld */ = {
			isa = XCVersionGroup;
			children = (
				A3C223431FB5874A006BDC7E /* ZYGesturesUnlock.xcdatamodel */,
			);
			currentVersion = A3C223431FB5874A006BDC7E /* ZYGesturesUnlock.xcdatamodel */;
			path = ZYGesturesUnlock.xcdatamodeld;
			sourceTree = "<group>";
			versionGroupType = wrapper.xcdatamodel;
		};
/* End XCVersionGroup section */
	};
	rootObject = A3C2232E1FB5874A006BDC7E /* Project object */;
}
